# This file is autogenerated, do not edit; changes may be undone by the next 'dep ensure'.


[[projects]]
  branch = "master"
  digest = "1:6ecaba818fb5a00f6b2e6c162ea6d111486539ebe922125129f9a202f2e4567b"
  name = "github.com/aayushrangwala/Authentication-Service"
  packages = [
    "api/v1",
    "pkg/services/v1",
    "util",
  ]
  pruneopts = "UT"
  revision = "afe85f6c1b11d457e9a6170622a72db8f18489e6"

[[projects]]
  digest = "1:d5f97fc268267ec1b61c3453058c738246fc3e746f14b1ae25161513b7367b0c"
  name = "github.com/gorilla/mux"
  packages = ["."]
  pruneopts = "UT"
  revision = "c5c6c98bc25355028a63748a498942a6398ccd22"
  version = "v1.7.1"

[solve-meta]
  analyzer-name = "dep"
  analyzer-version = 1
  input-imports = [
    "github.com/aayushrangwala/Authentication-Service/api/v1",
    "github.com/aayushrangwala/Authentication-Service/pkg/services/v1",
    "github.com/aayushrangwala/Authentication-Service/util",
    "github.com/gorilla/mux",
  ]
  solver-name = "gps-cdcl"
  solver-version = 1
